// !$*UTF8*$!
{
	archiveVersion = 1;
	classes = {
	};
	objectVersion = 46;
	objects = {

/* Begin PBXBuildFile section */
		8F71C55B1ED44C6600CDD65A /* SoajsSdkTester.swift in Sources */ = {isa = PBXBuildFile; fileRef = 8F71C5591ED44C6600CDD65A /* SoajsSdkTester.swift */; };
		8F71C55C1ED44C6600CDD65A /* soajssdk in Resources */ = {isa = PBXBuildFile; fileRef = 8F71C55A1ED44C6600CDD65A /* soajssdk */; };
		8FA8F81E1ED44C260037F446 /* AppDelegate.swift in Sources */ = {isa = PBXBuildFile; fileRef = 8FA8F81D1ED44C260037F446 /* AppDelegate.swift */; };
		8FA8F8201ED44C260037F446 /* ViewController.swift in Sources */ = {isa = PBXBuildFile; fileRef = 8FA8F81F1ED44C260037F446 /* ViewController.swift */; };
		8FA8F8231ED44C260037F446 /* Main.storyboard in Resources */ = {isa = PBXBuildFile; fileRef = 8FA8F8211ED44C260037F446 /* Main.storyboard */; };
		8FA8F8251ED44C260037F446 /* Assets.xcassets in Resources */ = {isa = PBXBuildFile; fileRef = 8FA8F8241ED44C260037F446 /* Assets.xcassets */; };
		8FA8F8281ED44C260037F446 /* LaunchScreen.storyboard in Resources */ = {isa = PBXBuildFile; fileRef = 8FA8F8261ED44C260037F446 /* LaunchScreen.storyboard */; };
/* End PBXBuildFile section */

/* Begin PBXFileReference section */
		8F71C5591ED44C6600CDD65A /* SoajsSdkTester.swift */ = {isa = PBXFileReference; fileEncoding = 4; lastKnownFileType = sourcecode.swift; path = SoajsSdkTester.swift; sourceTree = "<group>"; };
		8F71C55A1ED44C6600CDD65A /* soajssdk */ = {isa = PBXFileReference; lastKnownFileType = folder; path = soajssdk; sourceTree = "<group>"; };
		8FA8F81A1ED44C260037F446 /* SoajsSdkTester.app */ = {isa = PBXFileReference; explicitFileType = wrapper.application; includeInIndex = 0; path = SoajsSdkTester.app; sourceTree = BUILT_PRODUCTS_DIR; };
		8FA8F81D1ED44C260037F446 /* AppDelegate.swift */ = {isa = PBXFileReference; lastKnownFileType = sourcecode.swift; path = AppDelegate.swift; sourceTree = "<group>"; };
		8FA8F81F1ED44C260037F446 /* ViewController.swift */ = {isa = PBXFileReference; lastKnownFileType = sourcecode.swift; path = ViewController.swift; sourceTree = "<group>"; };
		8FA8F8221ED44C260037F446 /* Base */ = {isa = PBXFileReference; lastKnownFileType = file.storyboard; name = Base; path = Base.lproj/Main.storyboard; sourceTree = "<group>"; };
		8FA8F8241ED44C260037F446 /* Assets.xcassets */ = {isa = PBXFileReference; lastKnownFileType = folder.assetcatalog; path = Assets.xcassets; sourceTree = "<group>"; };
		8FA8F8271ED44C260037F446 /* Base */ = {isa = PBXFileReference; lastKnownFileType = file.storyboard; name = Base; path = Base.lproj/LaunchScreen.storyboard; sourceTree = "<group>"; };
		8FA8F8291ED44C260037F446 /* Info.plist */ = {isa = PBXFileReference; lastKnownFileType = text.plist.xml; path = Info.plist; sourceTree = "<group>"; };
/* End PBXFileReference section */

/* Begin PBXFrameworksBuildPhase section */
		8FA8F8171ED44C260037F446 /* Frameworks */ = {
			isa = PBXFrameworksBuildPhase;
			buildActionMask = 2147483647;
			files = (
			);
			runOnlyForDeploymentPostprocessing = 0;
		};
/* End PBXFrameworksBuildPhase section */

/* Begin PBXGroup section */
		8FA8F8111ED44C260037F446 = {
			isa = PBXGroup;
			children = (
				8FA8F81C1ED44C260037F446 /* SoajsSdkTester */,
				8FA8F81B1ED44C260037F446 /* Products */,
			);
			sourceTree = "<group>";
		};
		8FA8F81B1ED44C260037F446 /* Products */ = {
			isa = PBXGroup;
			children = (
				8FA8F81A1ED44C260037F446 /* SoajsSdkTester.app */,
			);
			name = Products;
			sourceTree = "<group>";
		};
		8FA8F81C1ED44C260037F446 /* SoajsSdkTester */ = {
			isa = PBXGroup;
			children = (
				8F71C55A1ED44C6600CDD65A /* soajssdk */,
				8F71C5591ED44C6600CDD65A /* SoajsSdkTester.swift */,
				8FA8F81D1ED44C260037F446 /* AppDelegate.swift */,
				8FA8F81F1ED44C260037F446 /* ViewController.swift */,
				8FA8F8211ED44C260037F446 /* Main.storyboard */,
				8FA8F8241ED44C260037F446 /* Assets.xcassets */,
				8FA8F8261ED44C260037F446 /* LaunchScreen.storyboard */,
				8FA8F8291ED44C260037F446 /* Info.plist */,
			);
			path = SoajsSdkTester;
			sourceTree = "<group>";
		};
/* End PBXGroup section */

/* Begin PBXNativeTarget section */
		8FA8F8191ED44C260037F446 /* SoajsSdkTester */ = {
			isa = PBXNativeTarget;
			buildConfigurationList = 8FA8F82C1ED44C260037F446 /* Build configuration list for PBXNativeTarget "SoajsSdkTester" */;
			buildPhases = (
				8FA8F8161ED44C260037F446 /* Sources */,
				8FA8F8171ED44C260037F446 /* Frameworks */,
				8FA8F8181ED44C260037F446 /* Resources */,
			);
			buildRules = (
			);
			dependencies = (
			);
			name = SoajsSdkTester;
			productName = SoajsSdkTester;
			productReference = 8FA8F81A1ED44C260037F446 /* SoajsSdkTester.app */;
			productType = "com.apple.product-type.application";
		};
/* End PBXNativeTarget section */

/* Begin PBXProject section */
		8FA8F8121ED44C260037F446 /* Project object */ = {
			isa = PBXProject;
			attributes = {
				LastSwiftUpdateCheck = 0830;
				LastUpgradeCheck = 0830;
				ORGANIZATIONNAME = "Etienne Daher";
				TargetAttributes = {
					8FA8F8191ED44C260037F446 = {
						CreatedOnToolsVersion = 8.3.2;
						DevelopmentTeam = CQ6AL8JW5T;
						ProvisioningStyle = Automatic;
					};
				};
			};
			buildConfigurationList = 8FA8F8151ED44C260037F446 /* Build configuration list for PBXProject "SoajsSdkTester" */;
			compatibilityVersion = "Xcode 3.2";
			developmentRegion = English;
			hasScannedForEncodings = 0;
			knownRegions = (
				en,
				Base,
			);
			mainGroup = 8FA8F8111ED44C260037F446;
			productRefGroup = 8FA8F81B1ED44C260037F446 /* Products */;
			projectDirPath = "";
			projectRoot = "";
			targets = (
				8FA8F8191ED44C260037F446 /* SoajsSdkTester */,
			);
		};
/* End PBXProject section */

/* Begin PBXResourcesBuildPhase section */
		8FA8F8181ED44C260037F446 /* Resources */ = {
			isa = PBXResourcesBuildPhase;
			buildActionMask = 2147483647;
			files = (
				8FA8F8281ED44C260037F446 /* LaunchScreen.storyboard in Resources */,
				8FA8F8251ED44C260037F446 /* Assets.xcassets in Resources */,
				8F71C55C1ED44C6600CDD65A /* soajssdk in Resources */,
				8FA8F8231ED44C260037F446 /* Main.storyboard in Resources */,
			);
			runOnlyForDeploymentPostprocessing = 0;
		};
/* End PBXResourcesBuildPhase section */

/* Begin PBXSourcesBuildPhase section */
		8FA8F8161ED44C260037F446 /* Sources */ = {
			isa = PBXSourcesBuildPhase;
			buildActionMask = 2147483647;
			files = (
				8F71C55B1ED44C6600CDD65A /* SoajsSdkTester.swift in Sources */,
				8FA8F8201ED44C260037F446 /* ViewController.swift in Sources */,
				8FA8F81E1ED44C260037F446 /* AppDelegate.swift in Sources */,
			);
			runOnlyForDeploymentPostprocessing = 0;
		};
/* End PBXSourcesBuildPhase section */

/* Begin PBXVariantGroup section */
		8FA8F8211ED44C260037F446 /* Main.storyboard */ = {
			isa = PBXVariantGroup;
			children = (
				8FA8F8221ED44C260037F446 /* Base */,
			);
			name = Main.storyboard;
			sourceTree = "<group>";
		};
		8FA8F8261ED44C260037F446 /* LaunchScreen.storyboard */ = {
			isa = PBXVariantGroup;
			children = (
				8FA8F8271ED44C260037F446 /* Base */,
			);
			name = LaunchScreen.storyboard;
			sourceTree = "<group>";
		};
/* End PBXVariantGroup section */

/* Begin XCBuildConfiguration section */
		8FA8F82A1ED44C260037F446 /* Debug */ = {
			isa = XCBuildConfiguration;
			buildSettings = {
				ALWAYS_SEARCH_USER_PATHS = NO;
				CLANG_ANALYZER_NONNULL = YES;
				CLANG_ANALYZER_NUMBER_OBJECT_CONVERSION = YES_AGGRESSIVE;
				CLANG_CXX_LANGUAGE_STANDARD = "gnu++0x";
				CLANG_CXX_LIBRARY = "libc++";
				CLANG_ENABLE_MODULES = YES;
				CLANG_ENABLE_OBJC_ARC = YES;
				CLANG_WARN_BOOL_CONVERSION = YES;
				CLANG_WARN_CONSTANT_CONVERSION = YES;
				CLANG_WARN_DIRECT_OBJC_ISA_USAGE = YES_ERROR;
				CLANG_WARN_DOCUMENTATION_COMMENTS = YES;
				CLANG_WARN_EMPTY_BODY = YES;
				CLANG_WARN_ENUM_CONVERSION = YES;
				CLANG_WARN_INFINITE_RECURSION = YES;
				CLANG_WARN_INT_CONVERSION = YES;
				CLANG_WARN_OBJC_ROOT_CLASS = YES_ERROR;
				CLANG_WARN_SUSPICIOUS_MOVE = YES;
				CLANG_WARN_UNREACHABLE_CODE = YES;
				CLANG_WARN__DUPLICATE_METHOD_MATCH = YES;
				"CODE_SIGN_IDENTITY[sdk=iphoneos*]" = "iPhone Developer";
				COPY_PHASE_STRIP = NO;
				DEBUG_INFORMATION_FORMAT = dwarf;
				ENABLE_STRICT_OBJC_MSGSEND = YES;
				ENABLE_TESTABILITY = YES;
				GCC_C_LANGUAGE_STANDARD = gnu99;
				GCC_DYNAMIC_NO_PIC = NO;
				GCC_NO_COMMON_BLOCKS = YES;
				GCC_OPTIMIZATION_LEVEL = 0;
				GCC_PREPROCESSOR_DEFINITIONS = (
					"DEBUG=1",
					"$(inherited)",
				);
				GCC_WARN_64_TO_32_BIT_CONVERSION = YES;
				GCC_WARN_ABOUT_RETURN_TYPE = YES_ERROR;
				GCC_WARN_UNDECLARED_SELECTOR = YES;
				GCC_WARN_UNINITIALIZED_AUTOS = YES_AGGRESSIVE;
				GCC_WARN_UNUSED_FUNCTION = YES;
				GCC_WARN_UNUSED_VARIABLE = YES;
				IPHONEOS_DEPLOYMENT_TARGET = 10.3;
				MTL_ENABLE_DEBUG_INFO = YES;
				ONLY_ACTIVE_ARCH = YES;
				SDKROOT = iphoneos;
				SWIFT_ACTIVE_COMPILATION_CONDITIONS = DEBUG;
				SWIFT_OPTIMIZATION_LEVEL = "-Onone";
			};
			name = Debug;
		};
		8FA8F82B1ED44C260037F446 /* Release */ = {
			isa = XCBuildConfiguration;
			buildSettings = {
				ALWAYS_SEARCH_USER_PATHS = NO;
				CLANG_ANALYZER_NONNULL = YES;
				CLANG_ANALYZER_NUMBER_OBJECT_CONVERSION = YES_AGGRESSIVE;
				CLANG_CXX_LANGUAGE_STANDARD = "gnu++0x";
				CLANG_CXX_LIBRARY = "libc++";
				CLANG_ENABLE_MODULES = YES;
				CLANG_ENABLE_OBJC_ARC = YES;
				CLANG_WARN_BOOL_CONVERSION = YES;
				CLANG_WARN_CONSTANT_CONVERSION = YES;
				CLANG_WARN_DIRECT_OBJC_ISA_USAGE = YES_ERROR;
				CLANG_WARN_DOCUMENTATION_COMMENTS = YES;
				CLANG_WARN_EMPTY_BODY = YES;
				CLANG_WARN_ENUM_CONVERSION = YES;
				CLANG_WARN_INFINITE_RECURSION = YES;
				CLANG_WARN_INT_CONVERSION = YES;
				CLANG_WARN_OBJC_ROOT_CLASS = YES_ERROR;
				CLANG_WARN_SUSPICIOUS_MOVE = YES;
				CLANG_WARN_UNREACHABLE_CODE = YES;
				CLANG_WARN__DUPLICATE_METHOD_MATCH = YES;
				"CODE_SIGN_IDENTITY[sdk=iphoneos*]" = "iPhone Developer";
				COPY_PHASE_STRIP = NO;
				DEBUG_INFORMATION_FORMAT = "dwarf-with-dsym";
				ENABLE_NS_ASSERTIONS = NO;
				ENABLE_STRICT_OBJC_MSGSEND = YES;
				GCC_C_LANGUAGE_STANDARD = gnu99;
				GCC_NO_COMMON_BLOCKS = YES;
				GCC_WARN_64_TO_32_BIT_CONVERSION = YES;
				GCC_WARN_ABOUT_RETURN_TYPE = YES_ERROR;
				GCC_WARN_UNDECLARED_SELECTOR = YES;
				GCC_WARN_UNINITIALIZED_AUTOS = YES_AGGRESSIVE;
				GCC_WARN_UNUSED_FUNCTION = YES;
				GCC_WARN_UNUSED_VARIABLE = YES;
				IPHONEOS_DEPLOYMENT_TARGET = 10.3;
				MTL_ENABLE_DEBUG_INFO = NO;
				SDKROOT = iphoneos;
				SWIFT_OPTIMIZATION_LEVEL = "-Owholemodule";
				VALIDATE_PRODUCT = YES;
			};
			name = Release;
		};
		8FA8F82D1ED44C260037F446 /* Debug */ = {
			isa = XCBuildConfiguration;
			buildSettings = {
				ASSETCATALOG_COMPILER_APPICON_NAME = AppIcon;
				DEVELOPMENT_TEAM = CQ6AL8JW5T;
				INFOPLIST_FILE = SoajsSdkTester/Info.plist;
				LD_RUNPATH_SEARCH_PATHS = "$(inherited) @executable_path/Frameworks";
				PRODUCT_BUNDLE_IDENTIFIER = etienne.daher.SoajsSdkTester;
				PRODUCT_NAME = "$(TARGET_NAME)";
				SWIFT_VERSION = 3.0;
			};
			name = Debug;
		};
		8FA8F82E1ED44C260037F446 /* Release */ = {
			isa = XCBuildConfiguration;
			buildSettings = {
				ASSETCATALOG_COMPILER_APPICON_NAME = AppIcon;
				DEVELOPMENT_TEAM = CQ6AL8JW5T;
				INFOPLIST_FILE = SoajsSdkTester/Info.plist;
				LD_RUNPATH_SEARCH_PATHS = "$(inherited) @executable_path/Frameworks";
				PRODUCT_BUNDLE_IDENTIFIER = etienne.daher.SoajsSdkTester;
				PRODUCT_NAME = "$(TARGET_NAME)";
				SWIFT_VERSION = 3.0;
			};
			name = Release;
		};
/* End XCBuildConfiguration section */

/* Begin XCConfigurationList section */
		8FA8F8151ED44C260037F446 /* Build configuration list for PBXProject "SoajsSdkTester" */ = {
			isa = XCConfigurationList;
			buildConfigurations = (
				8FA8F82A1ED44C260037F446 /* Debug */,
				8FA8F82B1ED44C260037F446 /* Release */,
			);
			defaultConfigurationIsVisible = 0;
			defaultConfigurationName = Release;
		};
		8FA8F82C1ED44C260037F446 /* Build configuration list for PBXNativeTarget "SoajsSdkTester" */ = {
			isa = XCConfigurationList;
			buildConfigurations = (
				8FA8F82D1ED44C260037F446 /* Debug */,
				8FA8F82E1ED44C260037F446 /* Release */,
			);
			defaultConfigurationIsVisible = 0;
			defaultConfigurationName = Release;
		};
/* End XCConfigurationList section */
	};
	rootObject = 8FA8F8121ED44C260037F446 /* Project object */;
}
